github.com/bytedance/sonic v1.11.6 h1:4/n6HAsG6Dq6Ksh86KAnOvlWCHvS7SbeUas7v23As8E=
github.com/bytedance/sonic v1.11.6/go.mod h1:6i6ykY9Yp1oH7iaY3YV9H5hPzFf9qV/N/YToEw36O2w=
github.com/cespare/xxhash/v2 v2.2.0 h1:DC2hupV9TcvU0p8isS7lOkp50NnB6N6Y9D0Tlj/0fD4=
github.com/cespare/xxhash/v2 v2.2.0/go.mod h1:VGX0DQ3Q6kWi7AoAeZDth3/j3BFtOZR5XLFGgcrjCOs=
github.com/gabriel-vasile/mimetype v1.4.3 h1:in2uCnmLTI1GMAoOq6SJovWzKnHw6t2K83tW9FvW6m0=
github.com/gabriel-vasile/mimetype v1.4.3/go.mod h1:d8u8A67t0S6S822X6E8YxO+L/R6zX6vE3OAtSclmAtE=
github.com/gin-contrib/sse v0.1.0 h1:Y/yl/+EV9zPhL2S246kNqT9p6UyzF0vOCyWPrfaBfC8=
github.com/gin-contrib/sse v0.1.0/go.mod h1:RH7Ab38RBa8nKqMAn7eitDshIn4MofCfc87G1X8/69w=
github.com/gin-gonic/gin v1.10.0 h1:n9p6iSdf1+S7P8U6MEnYpU0R7Y9o8Anq1S969n/u5iI=
github.com/gin-gonic/gin v1.10.0/go.mod h1:mY6M3pA46/2/R/B470u3+NnI959m7GzS80x9V2lB+Gg=
github.com/go-playground/locales v0.14.1 h1:EWaQ/wswjilfKLTECiXz7Rh+3BjFhfDFKv/oXslEjJA=
github.com/go-playground/locales v0.14.1/go.mod h1:hxrqLVvrK65+Rwrd5Fc6F2O76J/NuW9t0sjnWqG1slY=
github.com/go-playground/universal-translator v0.18.1 h1:Bcnm0ZwsGyWbCzImXv+pAJnYK9S473LQFuzCbDbfSFY=
github.com/go-playground/universal-translator v0.18.1/go.mod h1:xekY+UJKNuX9WP91TpwSH2VMlDf28Uj24BCp08ZFTUY=
github.com/go-playground/validator/v10 v10.20.0 h1:K0v6m68YWhb9f1F946zLAsT97n3U5Jj1G9lK059H/N0=
github.com/go-playground/validator/v10 v10.20.0/go.mod h1:9iXMpW638n0o6VqY9hW1AEnY/+1AsFhBfN27vV62xNo=
github.com/goccy/go-json v0.10.2 h1:CrxCmQqYDkv1z7lO7Wbh2HN93uovUHgrECaO5ZrCXAU=
github.com/goccy/go-json v0.10.2/go.mod h1:6MelG93GURQebXPDq3khkgXZkazVtN9CRI+MGFi0w8I=
github.com/google/uuid v1.6.0 h1:NIClS56HdyvHslsAtI90Ym6X3x15+Y07D7lQ6666/oE=
github.com/google/uuid v1.6.0/go.mod h1:TIyPZe4MgqvfeYVRFedZzO2qK6zL0O1U26itP4X5Srk=
github.com/jinzhu/inflection v1.0.0 h1:K317FqzuhWc8YvSVlFMCCUb36O/S9MCKRDI7QkRKD/E=
github.com/jinzhu/inflection v1.0.0/go.mod h1:h+uFLlag+Qp1Va5pdKtLDYj+kHp5pxUVkryuEj+Srlc=
github.com/jinzhu/now v1.1.5 h1:/o9tlHleP7gOFmsnYNz3RGnqzefHA47wQpKrrdTIwXQ=
github.com/jinzhu/now v1.1.5/go.mod h1:d3SSVoowX0Lcu0IBviAWJpolVfI5UJVZZ7cO71lE/z8=
github.com/json-iterator/go v1.1.12 h1:PV8peI4a0ysnczrg+LtxykD8LfKY9ML6u2jnxaEnrnM=
github.com/json-iterator/go v1.1.12/go.mod h1:e30LSqwooZae/UwlEbR2852Gd8hjQvJoHmT4TnhNGBo=
github.com/klauspost/cpuid/v2 v2.2.7 h1:ZWS6s6XZzV6t6UAm4NoUptvWAs1mG76tHvx6Doz5Vrw=
github.com/klauspost/cpuid/v2 v2.2.7/go.mod h1:LsqyU8PPUg97hdUMDTKQZis9yS4yqN4UHeZ6WkuUuYg=
github.com/leodido/go-urn v1.4.0 h1:WT9HwE9SGECu3lg4d/dIA+jxlljEa1/ffXKmRjqdmIQ=
github.com/leodido/go-urn v1.4.0/go.mod h1:bvxc+MVxLKB4z00jd1z+Dvzr47oO32F/QSNjSBOlFxI=
github.com/mattn/go-isatty v0.0.20 h1:xfD0iDuEKnDkl03q4limB+vH+GxLEtL/jb4xVJSWWEY=
github.com/mattn/go-isatty v0.0.20/go.mod h1:W+V8PltTTMOvKvAeJH7IuucS94S2C6jfK/D7dTCTo3Y=
github.com/modern-go/concurrent v0.0.0-20180306012644-bacd9c7ef1dd h1:TRLaZ9cD/w8PVh93nsPXa1VrQ6jlwL5oN8l14QlcNfg=
github.com/modern-go/concurrent v0.0.0-20180306012644-bacd9c7ef1dd/go.mod h1:6dJC0mAP4ikYIbvyc7fijjWJddQyLn8Ig3JB5CqoB9Q=
github.com/modern-go/reflect2 v1.0.2 h1:xBagoLtFs94CBntxluKeaWgTMpvLxC4ur3nMaC9Gz0M=
github.com/modern-go/reflect2 v1.0.2/go.mod h1:yWuevngMOJpCy52FWWMvUC8ws7m/LJsjYzDa0/r8luk=
github.com/pelletier/go-toml/v2 v2.2.2 h1:aYUIB95cqyvJv0nEnn3X0X67Nnyf5m0bInS7XunhNlI=
github.com/pelletier/go-toml/v2 v2.2.2/go.mod h1:1tk7ksqD0u+yYf8z0qjBqWzVtcK7q/SIs7OnlOnn26Y=
github.com/redis/go-redis/v9 v9.5.1 h1:U7h/E0DIm9p1uE6eizBozJ6fD3J2E9T42oO91DoxJgU=
github.com/redis/go-redis/v9 v9.5.1/go.mod h1:p0YpD7pYkF4q8fIAn52lX76S9tI5mYqIPrDq4E+rY+Y=
github.com/twitchyliquid64/golang-asm v0.15.1 h1:SU5vSMR7hnwNxj24w34ZyCi/FmDZTkS4MhqMhdFk5YI=
github.com/twitchyliquid64/golang-asm v0.15.1/go.mod h1:a1lVb/DtPvCB8fslRZhAngC2+aY1QWCk3Cedj/Gdt08=
github.com/ugorji/go/codec v1.2.12 h1:9LW997iXnEUMjnAcAnE7pv297+EIdMto606+0vUodpA=
github.com/ugorji/go/codec v1.2.12/go.mod h1:A9on9fXbjG66mXAtkIscA+pT1XqV0S9v5HAnfRxyw/s=
golang.org/x/arch v0.8.0 h1:69fS7id1Y68H8LzW8hCSTp4mD+B7sCHm6xozD/n/NKo=
golang.org/x/arch v0.8.0/go.mod h1:FEVrYAQ6vxkL34ad8VES7f4yTstJY94qM9fOThD3s+E=
golang.org/x/crypto v0.23.0 h1:D1pX9p2w2UoT9N9sSuAclGatL6Lz799O5Kq7SIdpM1M=
golang.org/x/crypto v0.23.0/go.mod h1:G9z9X0S8HSh7mS68R4A8VatizS8qW6s2vB9u770vKjg=
golang.org/x/net v0.25.0 h1:dHeZ9hz4G7F9lHJP79N8nkbI8o0+bV+bWizx7qI2Hio=
golang.org/x/net v0.25.0/go.mod h1:o6X5v1hIie0m1l7t4S22Tq3FtoU4n4/L0n9oQpntq5g=
golang.org/x/sys v0.20.0 h1:Od9jtBqAk2rtC9KCYChx+MSN2shP1SLBYUAjMSL8p4w=
golang.org/x/sys v0.20.0/go.mod h1:/VU36da09p1N0wI8lYToG8N7z73U9D0/C+j97DkM6N6Q=
golang.org/x/text v0.15.0 h1:v96mY6p0f75y19E+w178/eR60N6LOnC3E37mOQJqTvo=
golang.org/x/text v0.15.0/go.mod h1:18gthVqCiIzBAblmcGiS2rZ3JO2S/yCH3uO16rSjE+4=
google.golang.org/protobuf v1.34.1 h1:97KByUvMv44C6LpSSTmO5v7jQjE0GIs0/45N+d7L+fM=
google.golang.org/protobuf v1.34.1/go.mod h1:0S6f+tKMcVzAnA+r91Msk0hP6G+0/jL5c/9w1Oq9S6o=
gorm.io/driver/postgres v1.5.9 h1:Wic6B5vJ8xG5XFjO43l2X77S5kL0C+2M2tO7mC1nU9g=
gorm.io/driver/postgres v1.5.9/go.mod h1:0L8s0qfS7v9kLPrp7vN6j7oO/3u5f7/6Pszq2kI0+0=
gorm.io/gorm v1.25.12 h1:8C2T0nNfMOnfO5jH1q8v6r/6B9j0H+2n2k+2O7jYmF4=
gorm.io/gorm v1.25.12/go.mod h1:6MelG93GURQebXPDq3khkgXZkazVtN9CRI+MGFi0w8I=
